
Microsoft Visual Studio Solution File, Format Version 12.00
# Visual Studio 15
VisualStudioVersion = 15.0.27004.2010
MinimumVisualStudioVersion = 10.0.40219.1
Project("{FAE04EC0-301F-11D3-BF4B-00C04F79EFBC}") = "RouteVisualization", "RouteVisualization\RouteVisualization.csproj", "{9348C1F2-A30B-4AA7-B526-F069EEE53E75}"
EndProject
Global
	GlobalSection(SolutionConfigurationPlatforms) = preSolution
		Debug|Any CPU = Debug|Any CPU
		Release|Any CPU = Release|Any CPU
	EndGlobalSection
	GlobalSection(ProjectConfigurationPlatforms) = postSolution
		{9348C1F2-A30B-4AA7-B526-F069EEE53E75}.Debug|Any CPU.ActiveCfg = Debug|Any CPU
		{9348C1F2-A30B-4AA7-B526-F069EEE53E75}.Debug|Any CPU.Build.0 = Debug|Any CPU
		{9348C1F2-A30B-4AA7-B526-F069EEE53E75}.Release|Any CPU.ActiveCfg = Release|Any CPU
		{9348C1F2-A30B-4AA7-B526-F069EEE53E75}.Release|Any CPU.Build.0 = Release|Any CPU
	EndGlobalSection
	GlobalSection(SolutionProperties) = preSolution
		HideSolutionNode = FALSE
	EndGlobalSection
	GlobalSection(ExtensibilityGlobals) = postSolution
		SolutionGuid = {B823C828-9382-44EC-B8BD-85C2A9AE4008}
	EndGlobalSection
EndGlobal
